
Microsoft Visual Studio Solution File, Format Version 12.00
# Visual Studio Version 17
VisualStudioVersion = 17.11.35208.52
MinimumVisualStudioVersion = 10.0.40219.1
Project("{FAE04EC0-301F-11D3-BF4B-00C04F79EFBC}") = "pattern4", "pattern4.csproj", "{F9BD12F9-5D0C-4903-B30B-9101C3A30565}"
EndProject
Global
	GlobalSection(SolutionConfigurationPlatforms) = preSolution
		Debug|Any CPU = Debug|Any CPU
		Release|Any CPU = Release|Any CPU
	EndGlobalSection
	GlobalSection(ProjectConfigurationPlatforms) = postSolution
		{F9BD12F9-5D0C-4903-B30B-9101C3A30565}.Debug|Any CPU.ActiveCfg = Debug|Any CPU
		{F9BD12F9-5D0C-4903-B30B-9101C3A30565}.Debug|Any CPU.Build.0 = Debug|Any CPU
		{F9BD12F9-5D0C-4903-B30B-9101C3A30565}.Release|Any CPU.ActiveCfg = Release|Any CPU
		{F9BD12F9-5D0C-4903-B30B-9101C3A30565}.Release|Any CPU.Build.0 = Release|Any CPU
	EndGlobalSection
	GlobalSection(SolutionProperties) = preSolution
		HideSolutionNode = FALSE
	EndGlobalSection
	GlobalSection(ExtensibilityGlobals) = postSolution
		SolutionGuid = {D0AAB92A-CC9E-49EB-9C81-2CE8FC5B5D54}
	EndGlobalSection
EndGlobal
